[[package]]
name = "advent-of-code-2017"
version = "0.1.0"
dependencies = [
 "gen-iter 0.1.2 (registry+https://github.com/rust-lang/crates.io-index)",
 "itertools 0.7.7 (registry+https://github.com/rust-lang/crates.io-index)",
 "nom 3.2.1 (registry+https://github.com/rust-lang/crates.io-index)",
]

[[package]]
name = "compiler_error"
version = "0.1.1"
source = "registry+https://github.com/rust-lang/crates.io-index"

[[package]]
name = "either"
version = "1.4.0"
source = "registry+https://github.com/rust-lang/crates.io-index"

[[package]]
name = "gen-iter"
version = "0.1.2"
source = "registry+https://github.com/rust-lang/crates.io-index"

[[package]]
name = "itertools"
version = "0.7.7"
source = "registry+https://github.com/rust-lang/crates.io-index"
dependencies = [
 "either 1.4.0 (registry+https://github.com/rust-lang/crates.io-index)",
]

[[package]]
name = "libc"
version = "0.2.38"
source = "registry+https://github.com/rust-lang/crates.io-index"

[[package]]
name = "memchr"
version = "1.0.2"
source = "registry+https://github.com/rust-lang/crates.io-index"
dependencies = [
 "libc 0.2.38 (registry+https://github.com/rust-lang/crates.io-index)",
]

[[package]]
name = "nom"
version = "3.2.1"
source = "registry+https://github.com/rust-lang/crates.io-index"
dependencies = [
 "compiler_error 0.1.1 (registry+https://github.com/rust-lang/crates.io-index)",
 "memchr 1.0.2 (registry+https://github.com/rust-lang/crates.io-index)",
]

[metadata]
"checksum compiler_error 0.1.1 (registry+https://github.com/rust-lang/crates.io-index)" = "ef975f6d3622b15ea669c8075fefa5a9bc4bfae1b8b221ab9962daff003b3047"
"checksum either 1.4.0 (registry+https://github.com/rust-lang/crates.io-index)" = "740178ddf48b1a9e878e6d6509a1442a2d42fd2928aae8e7a6f8a36fb01981b3"
"checksum gen-iter 0.1.2 (registry+https://github.com/rust-lang/crates.io-index)" = "321d0810168dd4ee1849612929474ca355246fe234bd61d4a594385c54d73ffb"
"checksum itertools 0.7.7 (registry+https://github.com/rust-lang/crates.io-index)" = "23d53b4c7394338044c3b9c8c5b2caaf7b40ae049ecd321578ebdc2e13738cd1"
"checksum libc 0.2.38 (registry+https://github.com/rust-lang/crates.io-index)" = "84a7beecb6b131a81c7d6c7b90cdaa1155b8531b4808bd3bc23bf4b3c33f4d9e"
"checksum memchr 1.0.2 (registry+https://github.com/rust-lang/crates.io-index)" = "148fab2e51b4f1cfc66da2a7c32981d1d3c083a803978268bb11fe4b86925e7a"
"checksum nom 3.2.1 (registry+https://github.com/rust-lang/crates.io-index)" = "05aec50c70fd288702bcd93284a8444607f3292dbdf2a30de5ea5dcdbe72287b"
